
Microsoft Visual Studio Solution File, Format Version 12.00
# Visual Studio Version 16
VisualStudioVersion = 16.0.30611.23
MinimumVisualStudioVersion = 10.0.40219.1
Project("{FAE04EC0-301F-11D3-BF4B-00C04F79EFBC}") = "CookBookPlus5000", "CookBookPlus5000\CookBookPlus5000.csproj", "{3319BC2A-410E-4F14-845A-7AC4F7423C02}"
EndProject
Global
	GlobalSection(SolutionConfigurationPlatforms) = preSolution
		Debug|Any CPU = Debug|Any CPU
		Release|Any CPU = Release|Any CPU
	EndGlobalSection
	GlobalSection(ProjectConfigurationPlatforms) = postSolution
		{3319BC2A-410E-4F14-845A-7AC4F7423C02}.Debug|Any CPU.ActiveCfg = Debug|Any CPU
		{3319BC2A-410E-4F14-845A-7AC4F7423C02}.Debug|Any CPU.Build.0 = Debug|Any CPU
		{3319BC2A-410E-4F14-845A-7AC4F7423C02}.Release|Any CPU.ActiveCfg = Release|Any CPU
		{3319BC2A-410E-4F14-845A-7AC4F7423C02}.Release|Any CPU.Build.0 = Release|Any CPU
	EndGlobalSection
	GlobalSection(SolutionProperties) = preSolution
		HideSolutionNode = FALSE
	EndGlobalSection
	GlobalSection(ExtensibilityGlobals) = postSolution
		SolutionGuid = {CC232469-6101-465B-8FB6-C0EEB8BC7F38}
	EndGlobalSection
EndGlobal
