
Microsoft Visual Studio Solution File, Format Version 12.00
# Visual Studio Version 16
VisualStudioVersion = 16.0.30611.23
MinimumVisualStudioVersion = 10.0.40219.1
Project("{FAE04EC0-301F-11D3-BF4B-00C04F79EFBC}") = "CookBookPlus6000", "CookBookPlus6000\CookBookPlus6000.csproj", "{579E33AA-50C0-4664-9D5A-A6422164B843}"
EndProject
Global
	GlobalSection(SolutionConfigurationPlatforms) = preSolution
		Debug|Any CPU = Debug|Any CPU
		Release|Any CPU = Release|Any CPU
	EndGlobalSection
	GlobalSection(ProjectConfigurationPlatforms) = postSolution
		{579E33AA-50C0-4664-9D5A-A6422164B843}.Debug|Any CPU.ActiveCfg = Debug|Any CPU
		{579E33AA-50C0-4664-9D5A-A6422164B843}.Debug|Any CPU.Build.0 = Debug|Any CPU
		{579E33AA-50C0-4664-9D5A-A6422164B843}.Release|Any CPU.ActiveCfg = Release|Any CPU
		{579E33AA-50C0-4664-9D5A-A6422164B843}.Release|Any CPU.Build.0 = Release|Any CPU
	EndGlobalSection
	GlobalSection(SolutionProperties) = preSolution
		HideSolutionNode = FALSE
	EndGlobalSection
	GlobalSection(ExtensibilityGlobals) = postSolution
		SolutionGuid = {96C9D13E-2536-4BA5-A6EC-CB7B2FEB2E16}
	EndGlobalSection
EndGlobal
