
Microsoft Visual Studio Solution File, Format Version 12.00
# Visual Studio Version 16
VisualStudioVersion = 16.0.30611.23
MinimumVisualStudioVersion = 10.0.40219.1
Project("{FAE04EC0-301F-11D3-BF4B-00C04F79EFBC}") = "CookBookPlus v3000", "CookBookPlus v3000\CookBookPlus v3000.csproj", "{6E014DB5-B771-4FBA-99EE-198171F07403}"
EndProject
Global
	GlobalSection(SolutionConfigurationPlatforms) = preSolution
		Debug|Any CPU = Debug|Any CPU
		Release|Any CPU = Release|Any CPU
	EndGlobalSection
	GlobalSection(ProjectConfigurationPlatforms) = postSolution
		{6E014DB5-B771-4FBA-99EE-198171F07403}.Debug|Any CPU.ActiveCfg = Debug|Any CPU
		{6E014DB5-B771-4FBA-99EE-198171F07403}.Debug|Any CPU.Build.0 = Debug|Any CPU
		{6E014DB5-B771-4FBA-99EE-198171F07403}.Release|Any CPU.ActiveCfg = Release|Any CPU
		{6E014DB5-B771-4FBA-99EE-198171F07403}.Release|Any CPU.Build.0 = Release|Any CPU
	EndGlobalSection
	GlobalSection(SolutionProperties) = preSolution
		HideSolutionNode = FALSE
	EndGlobalSection
	GlobalSection(ExtensibilityGlobals) = postSolution
		SolutionGuid = {02740F87-45A0-43E3-8E91-27E32C54D3CA}
	EndGlobalSection
EndGlobal
